// !$*UTF8*$!
{
	archiveVersion = 1;
	classes = {
	};
	objectVersion = 48;
	objects = {

/* Begin PBXBuildFile section */
		314B8469CEA6F229E7AC60BB /* Pods_UberForDriver.framework in Frameworks */ = {isa = PBXBuildFile; fileRef = 890EB27C84611B8AE3B87E05 /* Pods_UberForDriver.framework */; };
		FA60EA802025C2BC00AFE1D7 /* AuthProvider.swift in Sources */ = {isa = PBXBuildFile; fileRef = FA60EA7F2025C2BB00AFE1D7 /* AuthProvider.swift */; };
		FA99C1F82025AA9D000F434B /* AppDelegate.swift in Sources */ = {isa = PBXBuildFile; fileRef = FA99C1F72025AA9D000F434B /* AppDelegate.swift */; };
		FA99C1FA2025AA9D000F434B /* ViewController.swift in Sources */ = {isa = PBXBuildFile; fileRef = FA99C1F92025AA9D000F434B /* ViewController.swift */; };
		FA99C1FD2025AA9D000F434B /* Main.storyboard in Resources */ = {isa = PBXBuildFile; fileRef = FA99C1FB2025AA9D000F434B /* Main.storyboard */; };
		FA99C1FF2025AA9D000F434B /* Assets.xcassets in Resources */ = {isa = PBXBuildFile; fileRef = FA99C1FE2025AA9D000F434B /* Assets.xcassets */; };
		FA99C2022025AA9D000F434B /* LaunchScreen.storyboard in Resources */ = {isa = PBXBuildFile; fileRef = FA99C2002025AA9D000F434B /* LaunchScreen.storyboard */; };
		FA99C2122025B1F3000F434B /* SignVC.swift in Sources */ = {isa = PBXBuildFile; fileRef = FA99C2112025B1F3000F434B /* SignVC.swift */; };
		FAAF0A5B202727D300294F9F /* UberHandler.swift in Sources */ = {isa = PBXBuildFile; fileRef = FAAF0A5A202727D300294F9F /* UberHandler.swift */; };
		FAE3E2BD202638130099E728 /* GoogleService-Info.plist in Resources */ = {isa = PBXBuildFile; fileRef = FAE3E2BC202638130099E728 /* GoogleService-Info.plist */; };
		FAE3E2C5202666530099E728 /* DriverVC.swift in Sources */ = {isa = PBXBuildFile; fileRef = FAE3E2C4202666530099E728 /* DriverVC.swift */; };
		FAE3E2CB202671B40099E728 /* DBProvider.swift in Sources */ = {isa = PBXBuildFile; fileRef = FAE3E2CA202671B40099E728 /* DBProvider.swift */; };
		FAE3E2CD202671C40099E728 /* Constants.swift in Sources */ = {isa = PBXBuildFile; fileRef = FAE3E2CC202671C40099E728 /* Constants.swift */; };
/* End PBXBuildFile section */

/* Begin PBXFileReference section */
		890EB27C84611B8AE3B87E05 /* Pods_UberForDriver.framework */ = {isa = PBXFileReference; explicitFileType = wrapper.framework; includeInIndex = 0; path = Pods_UberForDriver.framework; sourceTree = BUILT_PRODUCTS_DIR; };
		D884E8C215688B7F989C16A1 /* Pods-UberForDriver.debug.xcconfig */ = {isa = PBXFileReference; includeInIndex = 1; lastKnownFileType = text.xcconfig; name = "Pods-UberForDriver.debug.xcconfig"; path = "Pods/Target Support Files/Pods-UberForDriver/Pods-UberForDriver.debug.xcconfig"; sourceTree = "<group>"; };
		F9EE7753F6C6E0234B1942BE /* Pods-UberForDriver.release.xcconfig */ = {isa = PBXFileReference; includeInIndex = 1; lastKnownFileType = text.xcconfig; name = "Pods-UberForDriver.release.xcconfig"; path = "Pods/Target Support Files/Pods-UberForDriver/Pods-UberForDriver.release.xcconfig"; sourceTree = "<group>"; };
		FA60EA7F2025C2BB00AFE1D7 /* AuthProvider.swift */ = {isa = PBXFileReference; lastKnownFileType = sourcecode.swift; path = AuthProvider.swift; sourceTree = "<group>"; };
		FA99C1F42025AA9D000F434B /* UberForDriver.app */ = {isa = PBXFileReference; explicitFileType = wrapper.application; includeInIndex = 0; path = UberForDriver.app; sourceTree = BUILT_PRODUCTS_DIR; };
		FA99C1F72025AA9D000F434B /* AppDelegate.swift */ = {isa = PBXFileReference; lastKnownFileType = sourcecode.swift; path = AppDelegate.swift; sourceTree = "<group>"; };
		FA99C1F92025AA9D000F434B /* ViewController.swift */ = {isa = PBXFileReference; lastKnownFileType = sourcecode.swift; path = ViewController.swift; sourceTree = "<group>"; };
		FA99C1FC2025AA9D000F434B /* Base */ = {isa = PBXFileReference; lastKnownFileType = file.storyboard; name = Base; path = Base.lproj/Main.storyboard; sourceTree = "<group>"; };
		FA99C1FE2025AA9D000F434B /* Assets.xcassets */ = {isa = PBXFileReference; lastKnownFileType = folder.assetcatalog; path = Assets.xcassets; sourceTree = "<group>"; };
		FA99C2012025AA9D000F434B /* Base */ = {isa = PBXFileReference; lastKnownFileType = file.storyboard; name = Base; path = Base.lproj/LaunchScreen.storyboard; sourceTree = "<group>"; };
		FA99C2032025AA9D000F434B /* Info.plist */ = {isa = PBXFileReference; lastKnownFileType = text.plist.xml; path = Info.plist; sourceTree = "<group>"; };
		FA99C2112025B1F3000F434B /* SignVC.swift */ = {isa = PBXFileReference; lastKnownFileType = sourcecode.swift; path = SignVC.swift; sourceTree = "<group>"; };
		FAAF0A5A202727D300294F9F /* UberHandler.swift */ = {isa = PBXFileReference; lastKnownFileType = sourcecode.swift; path = UberHandler.swift; sourceTree = "<group>"; };
		FAE3E2BC202638130099E728 /* GoogleService-Info.plist */ = {isa = PBXFileReference; fileEncoding = 4; lastKnownFileType = text.plist.xml; path = "GoogleService-Info.plist"; sourceTree = "<group>"; };
		FAE3E2C4202666530099E728 /* DriverVC.swift */ = {isa = PBXFileReference; lastKnownFileType = sourcecode.swift; path = DriverVC.swift; sourceTree = "<group>"; };
		FAE3E2CA202671B40099E728 /* DBProvider.swift */ = {isa = PBXFileReference; lastKnownFileType = sourcecode.swift; path = DBProvider.swift; sourceTree = "<group>"; };
		FAE3E2CC202671C40099E728 /* Constants.swift */ = {isa = PBXFileReference; lastKnownFileType = sourcecode.swift; path = Constants.swift; sourceTree = "<group>"; };
/* End PBXFileReference section */

/* Begin PBXFrameworksBuildPhase section */
		FA99C1F12025AA9D000F434B /* Frameworks */ = {
			isa = PBXFrameworksBuildPhase;
			buildActionMask = 2147483647;
			files = (
				314B8469CEA6F229E7AC60BB /* Pods_UberForDriver.framework in Frameworks */,
			);
			runOnlyForDeploymentPostprocessing = 0;
		};
/* End PBXFrameworksBuildPhase section */

/* Begin PBXGroup section */
		71C59BD6E332F69A4FDA39C6 /* Frameworks */ = {
			isa = PBXGroup;
			children = (
				890EB27C84611B8AE3B87E05 /* Pods_UberForDriver.framework */,
			);
			name = Frameworks;
			sourceTree = "<group>";
		};
		820F182FEFE989A2A600AE14 /* Pods */ = {
			isa = PBXGroup;
			children = (
				D884E8C215688B7F989C16A1 /* Pods-UberForDriver.debug.xcconfig */,
				F9EE7753F6C6E0234B1942BE /* Pods-UberForDriver.release.xcconfig */,
			);
			name = Pods;
			sourceTree = "<group>";
		};
		FA60EA7E2025C26F00AFE1D7 /* Providers */ = {
			isa = PBXGroup;
			children = (
				FA60EA7F2025C2BB00AFE1D7 /* AuthProvider.swift */,
				FAE3E2CA202671B40099E728 /* DBProvider.swift */,
				FAE3E2CC202671C40099E728 /* Constants.swift */,
				FAAF0A5A202727D300294F9F /* UberHandler.swift */,
			);
			path = Providers;
			sourceTree = "<group>";
		};
		FA99C1EB2025AA9D000F434B = {
			isa = PBXGroup;
			children = (
				FA99C1F62025AA9D000F434B /* UberForDriver */,
				FA99C1F52025AA9D000F434B /* Products */,
				820F182FEFE989A2A600AE14 /* Pods */,
				71C59BD6E332F69A4FDA39C6 /* Frameworks */,
			);
			sourceTree = "<group>";
		};
		FA99C1F52025AA9D000F434B /* Products */ = {
			isa = PBXGroup;
			children = (
				FA99C1F42025AA9D000F434B /* UberForDriver.app */,
			);
			name = Products;
			sourceTree = "<group>";
		};
		FA99C1F62025AA9D000F434B /* UberForDriver */ = {
			isa = PBXGroup;
			children = (
				FA60EA7E2025C26F00AFE1D7 /* Providers */,
				FA99C2102025B1C1000F434B /* View */,
				FA99C20F2025B1B6000F434B /* Controller */,
				FA99C20E2025B1AF000F434B /* Model */,
				FA99C1F72025AA9D000F434B /* AppDelegate.swift */,
				FA99C1F92025AA9D000F434B /* ViewController.swift */,
				FA99C1FB2025AA9D000F434B /* Main.storyboard */,
				FA99C1FE2025AA9D000F434B /* Assets.xcassets */,
				FA99C2002025AA9D000F434B /* LaunchScreen.storyboard */,
				FA99C2032025AA9D000F434B /* Info.plist */,
				FAE3E2BC202638130099E728 /* GoogleService-Info.plist */,
			);
			path = UberForDriver;
			sourceTree = "<group>";
		};
		FA99C20E2025B1AF000F434B /* Model */ = {
			isa = PBXGroup;
			children = (
			);
			path = Model;
			sourceTree = "<group>";
		};
		FA99C20F2025B1B6000F434B /* Controller */ = {
			isa = PBXGroup;
			children = (
				FA99C2112025B1F3000F434B /* SignVC.swift */,
				FAE3E2C4202666530099E728 /* DriverVC.swift */,
			);
			path = Controller;
			sourceTree = "<group>";
		};
		FA99C2102025B1C1000F434B /* View */ = {
			isa = PBXGroup;
			children = (
			);
			path = View;
			sourceTree = "<group>";
		};
/* End PBXGroup section */

/* Begin PBXNativeTarget section */
		FA99C1F32025AA9D000F434B /* UberForDriver */ = {
			isa = PBXNativeTarget;
			buildConfigurationList = FA99C2062025AA9D000F434B /* Build configuration list for PBXNativeTarget "UberForDriver" */;
			buildPhases = (
				7EB7FD4EADB81EDB615080E0 /* [CP] Check Pods Manifest.lock */,
				FA99C1F02025AA9D000F434B /* Sources */,
				FA99C1F12025AA9D000F434B /* Frameworks */,
				FA99C1F22025AA9D000F434B /* Resources */,
				46420D26AC9C456EC54681C6 /* [CP] Embed Pods Frameworks */,
				A4C497C49CB638E840EB09EE /* [CP] Copy Pods Resources */,
			);
			buildRules = (
			);
			dependencies = (
			);
			name = UberForDriver;
			productName = UberForDriver;
			productReference = FA99C1F42025AA9D000F434B /* UberForDriver.app */;
			productType = "com.apple.product-type.application";
		};
/* End PBXNativeTarget section */

/* Begin PBXProject section */
		FA99C1EC2025AA9D000F434B /* Project object */ = {
			isa = PBXProject;
			attributes = {
				LastSwiftUpdateCheck = 0920;
				LastUpgradeCheck = 0920;
				ORGANIZATIONNAME = "Ali Ozan";
				TargetAttributes = {
					FA99C1F32025AA9D000F434B = {
						CreatedOnToolsVersion = 9.2;
						ProvisioningStyle = Automatic;
					};
				};
			};
			buildConfigurationList = FA99C1EF2025AA9D000F434B /* Build configuration list for PBXProject "UberForDriver" */;
			compatibilityVersion = "Xcode 8.0";
			developmentRegion = en;
			hasScannedForEncodings = 0;
			knownRegions = (
				en,
				Base,
			);
			mainGroup = FA99C1EB2025AA9D000F434B;
			productRefGroup = FA99C1F52025AA9D000F434B /* Products */;
			projectDirPath = "";
			projectRoot = "";
			targets = (
				FA99C1F32025AA9D000F434B /* UberForDriver */,
			);
		};
/* End PBXProject section */

/* Begin PBXResourcesBuildPhase section */
		FA99C1F22025AA9D000F434B /* Resources */ = {
			isa = PBXResourcesBuildPhase;
			buildActionMask = 2147483647;
			files = (
				FA99C2022025AA9D000F434B /* LaunchScreen.storyboard in Resources */,
				FAE3E2BD202638130099E728 /* GoogleService-Info.plist in Resources */,
				FA99C1FF2025AA9D000F434B /* Assets.xcassets in Resources */,
				FA99C1FD2025AA9D000F434B /* Main.storyboard in Resources */,
			);
			runOnlyForDeploymentPostprocessing = 0;
		};
/* End PBXResourcesBuildPhase section */

/* Begin PBXShellScriptBuildPhase section */
		46420D26AC9C456EC54681C6 /* [CP] Embed Pods Frameworks */ = {
			isa = PBXShellScriptBuildPhase;
			buildActionMask = 2147483647;
			files = (
			);
			inputPaths = (
				"${SRCROOT}/Pods/Target Support Files/Pods-UberForDriver/Pods-UberForDriver-frameworks.sh",
				"${BUILT_PRODUCTS_DIR}/GTMSessionFetcher/GTMSessionFetcher.framework",
				"${BUILT_PRODUCTS_DIR}/GoogleToolboxForMac/GoogleToolboxForMac.framework",
				"${BUILT_PRODUCTS_DIR}/leveldb-library/leveldb.framework",
				"${BUILT_PRODUCTS_DIR}/nanopb/nanopb.framework",
			);
			name = "[CP] Embed Pods Frameworks";
			outputPaths = (
				"${TARGET_BUILD_DIR}/${FRAMEWORKS_FOLDER_PATH}/GTMSessionFetcher.framework",
				"${TARGET_BUILD_DIR}/${FRAMEWORKS_FOLDER_PATH}/GoogleToolboxForMac.framework",
				"${TARGET_BUILD_DIR}/${FRAMEWORKS_FOLDER_PATH}/leveldb.framework",
				"${TARGET_BUILD_DIR}/${FRAMEWORKS_FOLDER_PATH}/nanopb.framework",
			);
			runOnlyForDeploymentPostprocessing = 0;
			shellPath = /bin/sh;
			shellScript = "\"${SRCROOT}/Pods/Target Support Files/Pods-UberForDriver/Pods-UberForDriver-frameworks.sh\"\n";
			showEnvVarsInLog = 0;
		};
		7EB7FD4EADB81EDB615080E0 /* [CP] Check Pods Manifest.lock */ = {
			isa = PBXShellScriptBuildPhase;
			buildActionMask = 2147483647;
			files = (
			);
			inputPaths = (
				"${PODS_PODFILE_DIR_PATH}/Podfile.lock",
				"${PODS_ROOT}/Manifest.lock",
			);
			name = "[CP] Check Pods Manifest.lock";
			outputPaths = (
				"$(DERIVED_FILE_DIR)/Pods-UberForDriver-checkManifestLockResult.txt",
			);
			runOnlyForDeploymentPostprocessing = 0;
			shellPath = /bin/sh;
			shellScript = "diff \"${PODS_PODFILE_DIR_PATH}/Podfile.lock\" \"${PODS_ROOT}/Manifest.lock\" > /dev/null\nif [ $? != 0 ] ; then\n    # print error to STDERR\n    echo \"error: The sandbox is not in sync with the Podfile.lock. Run 'pod install' or update your CocoaPods installation.\" >&2\n    exit 1\nfi\n# This output is used by Xcode 'outputs' to avoid re-running this script phase.\necho \"SUCCESS\" > \"${SCRIPT_OUTPUT_FILE_0}\"\n";
			showEnvVarsInLog = 0;
		};
		A4C497C49CB638E840EB09EE /* [CP] Copy Pods Resources */ = {
			isa = PBXShellScriptBuildPhase;
			buildActionMask = 2147483647;
			files = (
			);
			inputPaths = (
			);
			name = "[CP] Copy Pods Resources";
			outputPaths = (
			);
			runOnlyForDeploymentPostprocessing = 0;
			shellPath = /bin/sh;
			shellScript = "\"${SRCROOT}/Pods/Target Support Files/Pods-UberForDriver/Pods-UberForDriver-resources.sh\"\n";
			showEnvVarsInLog = 0;
		};
/* End PBXShellScriptBuildPhase section */

/* Begin PBXSourcesBuildPhase section */
		FA99C1F02025AA9D000F434B /* Sources */ = {
			isa = PBXSourcesBuildPhase;
			buildActionMask = 2147483647;
			files = (
				FAAF0A5B202727D300294F9F /* UberHandler.swift in Sources */,
				FAE3E2C5202666530099E728 /* DriverVC.swift in Sources */,
				FA99C1FA2025AA9D000F434B /* ViewController.swift in Sources */,
				FA99C2122025B1F3000F434B /* SignVC.swift in Sources */,
				FA60EA802025C2BC00AFE1D7 /* AuthProvider.swift in Sources */,
				FAE3E2CD202671C40099E728 /* Constants.swift in Sources */,
				FAE3E2CB202671B40099E728 /* DBProvider.swift in Sources */,
				FA99C1F82025AA9D000F434B /* AppDelegate.swift in Sources */,
			);
			runOnlyForDeploymentPostprocessing = 0;
		};
/* End PBXSourcesBuildPhase section */

/* Begin PBXVariantGroup section */
		FA99C1FB2025AA9D000F434B /* Main.storyboard */ = {
			isa = PBXVariantGroup;
			children = (
				FA99C1FC2025AA9D000F434B /* Base */,
			);
			name = Main.storyboard;
			sourceTree = "<group>";
		};
		FA99C2002025AA9D000F434B /* LaunchScreen.storyboard */ = {
			isa = PBXVariantGroup;
			children = (
				FA99C2012025AA9D000F434B /* Base */,
			);
			name = LaunchScreen.storyboard;
			sourceTree = "<group>";
		};
/* End PBXVariantGroup section */

/* Begin XCBuildConfiguration section */
		FA99C2042025AA9D000F434B /* Debug */ = {
			isa = XCBuildConfiguration;
			buildSettings = {
				ALWAYS_SEARCH_USER_PATHS = NO;
				CLANG_ANALYZER_NONNULL = YES;
				CLANG_ANALYZER_NUMBER_OBJECT_CONVERSION = YES_AGGRESSIVE;
				CLANG_CXX_LANGUAGE_STANDARD = "gnu++14";
				CLANG_CXX_LIBRARY = "libc++";
				CLANG_ENABLE_MODULES = YES;
				CLANG_ENABLE_OBJC_ARC = YES;
				CLANG_WARN_BLOCK_CAPTURE_AUTORELEASING = YES;
				CLANG_WARN_BOOL_CONVERSION = YES;
				CLANG_WARN_COMMA = YES;
				CLANG_WARN_CONSTANT_CONVERSION = YES;
				CLANG_WARN_DIRECT_OBJC_ISA_USAGE = YES_ERROR;
				CLANG_WARN_DOCUMENTATION_COMMENTS = YES;
				CLANG_WARN_EMPTY_BODY = YES;
				CLANG_WARN_ENUM_CONVERSION = YES;
				CLANG_WARN_INFINITE_RECURSION = YES;
				CLANG_WARN_INT_CONVERSION = YES;
				CLANG_WARN_NON_LITERAL_NULL_CONVERSION = YES;
				CLANG_WARN_OBJC_LITERAL_CONVERSION = YES;
				CLANG_WARN_OBJC_ROOT_CLASS = YES_ERROR;
				CLANG_WARN_RANGE_LOOP_ANALYSIS = YES;
				CLANG_WARN_STRICT_PROTOTYPES = YES;
				CLANG_WARN_SUSPICIOUS_MOVE = YES;
				CLANG_WARN_UNGUARDED_AVAILABILITY = YES_AGGRESSIVE;
				CLANG_WARN_UNREACHABLE_CODE = YES;
				CLANG_WARN__DUPLICATE_METHOD_MATCH = YES;
				CODE_SIGN_IDENTITY = "iPhone Developer";
				COPY_PHASE_STRIP = NO;
				DEBUG_INFORMATION_FORMAT = dwarf;
				ENABLE_STRICT_OBJC_MSGSEND = YES;
				ENABLE_TESTABILITY = YES;
				GCC_C_LANGUAGE_STANDARD = gnu11;
				GCC_DYNAMIC_NO_PIC = NO;
				GCC_NO_COMMON_BLOCKS = YES;
				GCC_OPTIMIZATION_LEVEL = 0;
				GCC_PREPROCESSOR_DEFINITIONS = (
					"DEBUG=1",
					"$(inherited)",
				);
				GCC_WARN_64_TO_32_BIT_CONVERSION = YES;
				GCC_WARN_ABOUT_RETURN_TYPE = YES_ERROR;
				GCC_WARN_UNDECLARED_SELECTOR = YES;
				GCC_WARN_UNINITIALIZED_AUTOS = YES_AGGRESSIVE;
				GCC_WARN_UNUSED_FUNCTION = YES;
				GCC_WARN_UNUSED_VARIABLE = YES;
				IPHONEOS_DEPLOYMENT_TARGET = 11.2;
				MTL_ENABLE_DEBUG_INFO = YES;
				ONLY_ACTIVE_ARCH = YES;
				SDKROOT = iphoneos;
				SWIFT_ACTIVE_COMPILATION_CONDITIONS = DEBUG;
				SWIFT_OPTIMIZATION_LEVEL = "-Onone";
			};
			name = Debug;
		};
		FA99C2052025AA9D000F434B /* Release */ = {
			isa = XCBuildConfiguration;
			buildSettings = {
				ALWAYS_SEARCH_USER_PATHS = NO;
				CLANG_ANALYZER_NONNULL = YES;
				CLANG_ANALYZER_NUMBER_OBJECT_CONVERSION = YES_AGGRESSIVE;
				CLANG_CXX_LANGUAGE_STANDARD = "gnu++14";
				CLANG_CXX_LIBRARY = "libc++";
				CLANG_ENABLE_MODULES = YES;
				CLANG_ENABLE_OBJC_ARC = YES;
				CLANG_WARN_BLOCK_CAPTURE_AUTORELEASING = YES;
				CLANG_WARN_BOOL_CONVERSION = YES;
				CLANG_WARN_COMMA = YES;
				CLANG_WARN_CONSTANT_CONVERSION = YES;
				CLANG_WARN_DIRECT_OBJC_ISA_USAGE = YES_ERROR;
				CLANG_WARN_DOCUMENTATION_COMMENTS = YES;
				CLANG_WARN_EMPTY_BODY = YES;
				CLANG_WARN_ENUM_CONVERSION = YES;
				CLANG_WARN_INFINITE_RECURSION = YES;
				CLANG_WARN_INT_CONVERSION = YES;
				CLANG_WARN_NON_LITERAL_NULL_CONVERSION = YES;
				CLANG_WARN_OBJC_LITERAL_CONVERSION = YES;
				CLANG_WARN_OBJC_ROOT_CLASS = YES_ERROR;
				CLANG_WARN_RANGE_LOOP_ANALYSIS = YES;
				CLANG_WARN_STRICT_PROTOTYPES = YES;
				CLANG_WARN_SUSPICIOUS_MOVE = YES;
				CLANG_WARN_UNGUARDED_AVAILABILITY = YES_AGGRESSIVE;
				CLANG_WARN_UNREACHABLE_CODE = YES;
				CLANG_WARN__DUPLICATE_METHOD_MATCH = YES;
				CODE_SIGN_IDENTITY = "iPhone Developer";
				COPY_PHASE_STRIP = NO;
				DEBUG_INFORMATION_FORMAT = "dwarf-with-dsym";
				ENABLE_NS_ASSERTIONS = NO;
				ENABLE_STRICT_OBJC_MSGSEND = YES;
				GCC_C_LANGUAGE_STANDARD = gnu11;
				GCC_NO_COMMON_BLOCKS = YES;
				GCC_WARN_64_TO_32_BIT_CONVERSION = YES;
				GCC_WARN_ABOUT_RETURN_TYPE = YES_ERROR;
				GCC_WARN_UNDECLARED_SELECTOR = YES;
				GCC_WARN_UNINITIALIZED_AUTOS = YES_AGGRESSIVE;
				GCC_WARN_UNUSED_FUNCTION = YES;
				GCC_WARN_UNUSED_VARIABLE = YES;
				IPHONEOS_DEPLOYMENT_TARGET = 11.2;
				MTL_ENABLE_DEBUG_INFO = NO;
				SDKROOT = iphoneos;
				SWIFT_OPTIMIZATION_LEVEL = "-Owholemodule";
				VALIDATE_PRODUCT = YES;
			};
			name = Release;
		};
		FA99C2072025AA9D000F434B /* Debug */ = {
			isa = XCBuildConfiguration;
			baseConfigurationReference = D884E8C215688B7F989C16A1 /* Pods-UberForDriver.debug.xcconfig */;
			buildSettings = {
				ASSETCATALOG_COMPILER_APPICON_NAME = AppIcon;
				CODE_SIGN_STYLE = Automatic;
				INFOPLIST_FILE = UberForDriver/Info.plist;
				LD_RUNPATH_SEARCH_PATHS = "$(inherited) @executable_path/Frameworks";
				PRODUCT_BUNDLE_IDENTIFIER = com.ali.UberForDriver;
				PRODUCT_NAME = "$(TARGET_NAME)";
				SWIFT_VERSION = 4.0;
				TARGETED_DEVICE_FAMILY = "1,2";
			};
			name = Debug;
		};
		FA99C2082025AA9D000F434B /* Release */ = {
			isa = XCBuildConfiguration;
			baseConfigurationReference = F9EE7753F6C6E0234B1942BE /* Pods-UberForDriver.release.xcconfig */;
			buildSettings = {
				ASSETCATALOG_COMPILER_APPICON_NAME = AppIcon;
				CODE_SIGN_STYLE = Automatic;
				INFOPLIST_FILE = UberForDriver/Info.plist;
				LD_RUNPATH_SEARCH_PATHS = "$(inherited) @executable_path/Frameworks";
				PRODUCT_BUNDLE_IDENTIFIER = com.ali.UberForDriver;
				PRODUCT_NAME = "$(TARGET_NAME)";
				SWIFT_VERSION = 4.0;
				TARGETED_DEVICE_FAMILY = "1,2";
			};
			name = Release;
		};
/* End XCBuildConfiguration section */

/* Begin XCConfigurationList section */
		FA99C1EF2025AA9D000F434B /* Build configuration list for PBXProject "UberForDriver" */ = {
			isa = XCConfigurationList;
			buildConfigurations = (
				FA99C2042025AA9D000F434B /* Debug */,
				FA99C2052025AA9D000F434B /* Release */,
			);
			defaultConfigurationIsVisible = 0;
			defaultConfigurationName = Release;
		};
		FA99C2062025AA9D000F434B /* Build configuration list for PBXNativeTarget "UberForDriver" */ = {
			isa = XCConfigurationList;
			buildConfigurations = (
				FA99C2072025AA9D000F434B /* Debug */,
				FA99C2082025AA9D000F434B /* Release */,
			);
			defaultConfigurationIsVisible = 0;
			defaultConfigurationName = Release;
		};
/* End XCConfigurationList section */
	};
	rootObject = FA99C1EC2025AA9D000F434B /* Project object */;
}
